
Microsoft Visual Studio Solution File, Format Version 12.00
# Visual Studio Version 17
VisualStudioVersion = 17.14.36221.1
MinimumVisualStudioVersion = 10.0.40219.1
Project("{FAE04EC0-301F-11D3-BF4B-00C04F79EFBC}") = "ToDo", "ToDo\ToDo.csproj", "{3B0B70C2-A58B-4003-BC40-A5E764AA5F90}"
EndProject
Global
	GlobalSection(SolutionConfigurationPlatforms) = preSolution
		Debug|Any CPU = Debug|Any CPU
		Release|Any CPU = Release|Any CPU
	EndGlobalSection
	GlobalSection(ProjectConfigurationPlatforms) = postSolution
		{3B0B70C2-A58B-4003-BC40-A5E764AA5F90}.Debug|Any CPU.ActiveCfg = Debug|Any CPU
		{3B0B70C2-A58B-4003-BC40-A5E764AA5F90}.Debug|Any CPU.Build.0 = Debug|Any CPU
		{3B0B70C2-A58B-4003-BC40-A5E764AA5F90}.Release|Any CPU.ActiveCfg = Release|Any CPU
		{3B0B70C2-A58B-4003-BC40-A5E764AA5F90}.Release|Any CPU.Build.0 = Release|Any CPU
	EndGlobalSection
	GlobalSection(SolutionProperties) = preSolution
		HideSolutionNode = FALSE
	EndGlobalSection
	GlobalSection(ExtensibilityGlobals) = postSolution
		SolutionGuid = {4DF28412-5663-4D5E-A1CC-B7A56925F729}
	EndGlobalSection
EndGlobal
